
Microsoft Visual Studio Solution File, Format Version 12.00
# Visual Studio Version 17
VisualStudioVersion = 17.5.33627.172
MinimumVisualStudioVersion = 10.0.40219.1
Project("{9A19103F-16F7-4668-BE54-9A1E7A4F7556}") = "BlazorChat.Server", "Server\BlazorChat.Server.csproj", "{FE43BCAF-0037-4CB9-9877-2C54ABECC06B}"
EndProject
Project("{9A19103F-16F7-4668-BE54-9A1E7A4F7556}") = "BlazorChat.Client", "Client\BlazorChat.Client.csproj", "{7B2457C7-1BDD-4AA9-BCC6-303F7EEFB942}"
EndProject
Project("{9A19103F-16F7-4668-BE54-9A1E7A4F7556}") = "BlazorChat.Shared", "Shared\BlazorChat.Shared.csproj", "{AB4804ED-A9F5-431F-A7D9-F5301D9F80DE}"
EndProject
Global
	GlobalSection(SolutionConfigurationPlatforms) = preSolution
		Debug|Any CPU = Debug|Any CPU
		Release|Any CPU = Release|Any CPU
	EndGlobalSection
	GlobalSection(ProjectConfigurationPlatforms) = postSolution
		{FE43BCAF-0037-4CB9-9877-2C54ABECC06B}.Debug|Any CPU.ActiveCfg = Debug|Any CPU
		{FE43BCAF-0037-4CB9-9877-2C54ABECC06B}.Debug|Any CPU.Build.0 = Debug|Any CPU
		{FE43BCAF-0037-4CB9-9877-2C54ABECC06B}.Release|Any CPU.ActiveCfg = Release|Any CPU
		{FE43BCAF-0037-4CB9-9877-2C54ABECC06B}.Release|Any CPU.Build.0 = Release|Any CPU
		{7B2457C7-1BDD-4AA9-BCC6-303F7EEFB942}.Debug|Any CPU.ActiveCfg = Debug|Any CPU
		{7B2457C7-1BDD-4AA9-BCC6-303F7EEFB942}.Debug|Any CPU.Build.0 = Debug|Any CPU
		{7B2457C7-1BDD-4AA9-BCC6-303F7EEFB942}.Release|Any CPU.ActiveCfg = Release|Any CPU
		{7B2457C7-1BDD-4AA9-BCC6-303F7EEFB942}.Release|Any CPU.Build.0 = Release|Any CPU
		{AB4804ED-A9F5-431F-A7D9-F5301D9F80DE}.Debug|Any CPU.ActiveCfg = Debug|Any CPU
		{AB4804ED-A9F5-431F-A7D9-F5301D9F80DE}.Debug|Any CPU.Build.0 = Debug|Any CPU
		{AB4804ED-A9F5-431F-A7D9-F5301D9F80DE}.Release|Any CPU.ActiveCfg = Release|Any CPU
		{AB4804ED-A9F5-431F-A7D9-F5301D9F80DE}.Release|Any CPU.Build.0 = Release|Any CPU
	EndGlobalSection
	GlobalSection(SolutionProperties) = preSolution
		HideSolutionNode = FALSE
	EndGlobalSection
	GlobalSection(ExtensibilityGlobals) = postSolution
		SolutionGuid = {C5AA75DF-60DD-48E2-B553-2AB0ACB8BC1E}
	EndGlobalSection
EndGlobal
